{
    "_meta": {
        "hash": {
            "sha256": "e8f3d42f17b0376b1b8d8c221d0ab4bc21c8fe2ae54697d54bd4cef850acab4b"
        },
        "pipfile-spec": 6,
        "requires": {
            "python_version": "3.8"
        },
        "sources": [
            {
                "name": "pypi",
                "url": "https://pypi.tuna.tsinghua.edu.cn/simple",
                "verify_ssl": true
            }
        ]
    },
    "default": {
        "alembic": {
            "hashes": [
                "sha256:1acdd7a3a478e208b0503cd73614d5e4c6efafa4e73518bb60e4f2846a37b1c5",
                "sha256:496e888245a53adf1498fcab31713a469c65836f8de76e01399aa1c3e90dd213"
            ],
            "index": "pypi",
            "markers": "python_version >= '3.8'",
            "version": "==1.14.1"
        },
        "apscheduler": {
            "hashes": [
                "sha256:4c622d250b0955a65d5d0eb91c33e6d43fd879834bf541e0a18661ae60460133",
                "sha256:fc134ca32e50f5eadcc4938e3a4545ab19131435e851abb40b34d63d5141c6da"
            ],
            "markers": "python_version >= '3.8'",
            "version": "==3.11.0"
        },
        "backports.zoneinfo": {
            "hashes": [
                "sha256:17746bd546106fa389c51dbea67c8b7c8f0d14b5526a579ca6ccf5ed72c526cf",
                "sha256:1b13e654a55cd45672cb54ed12148cd33628f672548f373963b0bff67b217328",
                "sha256:1c5742112073a563c81f786e77514969acb58649bcdf6cdf0b4ed31a348d4546",
                "sha256:4a0f800587060bf8880f954dbef70de6c11bbe59c673c3d818921f042f9954a6",
                "sha256:5c144945a7752ca544b4b78c8c41544cdfaf9786f25fe5ffb10e838e19a27570",
                "sha256:7b0a64cda4145548fed9efc10322770f929b944ce5cee6c0dfe0c87bf4c0c8c9",
                "sha256:8439c030a11780786a2002261569bdf362264f605dfa4d65090b64b05c9f79a7",
                "sha256:8961c0f32cd0336fb8e8ead11a1f8cd99ec07145ec2931122faaac1c8f7fd987",
                "sha256:89a48c0d158a3cc3f654da4c2de1ceba85263fafb861b98b59040a5086259722",
                "sha256:a76b38c52400b762e48131494ba26be363491ac4f9a04c1b7e92483d169f6582",
                "sha256:da6013fd84a690242c310d77ddb8441a559e9cb3d3d59ebac9aca1a57b2e18bc",
                "sha256:e55b384612d93be96506932a786bbcde5a2db7a9e6a4bb4bffe8b733f5b9036b",
                "sha256:e81b76cace8eda1fca50e345242ba977f9be6ae3945af8d46326d776b4cf78d1",
                "sha256:e8236383a20872c0cdf5a62b554b27538db7fa1bbec52429d8d106effbaeca08",
                "sha256:f04e857b59d9d1ccc39ce2da1021d196e47234873820cbeaad210724b1ee28ac",
                "sha256:fadbfe37f74051d024037f223b8e001611eac868b5c5b06144ef4d8b799862f2"
            ],
            "markers": "python_version >= '3.6'",
            "version": "==0.2.1"
        },
        "blinker": {
            "hashes": [
                "sha256:471aee25f3992bd325afa3772f1063dbdbbca947a041b8b89466dc00d606f8b6"
            ],
            "index": "pypi",
            "version": "==1.4"
        },
        "certifi": {
            "hashes": [
                "sha256:2e0c7ce7cb5d8f8634ca55d2ba7e6ec2689a2fd6537d8dec1296a477a4910057",
                "sha256:d747aa5a8b9bbbb1bb8c22bb13e22bd1f18e9796defa16bab421f7f7a317323b"
            ],
            "markers": "python_version >= '3.7'",
            "version": "==2025.6.15"
        },
        "chardet": {
            "hashes": [
                "sha256:84ab92ed1c4d4f16916e05906b6b75a6c0fb5db821cc65e70cbd64a3e2a5eaae",
                "sha256:fc323ffcaeaed0e0a02bf4d117757b98aed530d9ed4531e3e15460124c106691"
            ],
            "version": "==3.0.4"
        },
        "click": {
            "hashes": [
                "sha256:ae74fb96c20a0277a1d615f1e4d73c8414f5a98db8b799a7931d1582f3390c28",
                "sha256:ca9853ad459e787e2192211578cc907e7594e294c7ccc834310722b41b9ca6de"
            ],
            "index": "pypi",
            "markers": "python_version >= '3.7'",
            "version": "==8.1.7"
        },
        "dnspython": {
            "hashes": [
                "sha256:5ef3b9680161f6fa89daf8ad451b5f1a33b18ae8a1c6778cdf4b43f08c0a6e50",
                "sha256:e8f0f9c23a7b7cb99ded64e6c3a6f3e701d78f50c55e002b839dea7225cff7cc"
            ],
            "markers": "python_version >= '3.8'",
            "version": "==2.6.1"
        },
        "dominate": {
            "hashes": [
                "sha256:558284687d9b8aae1904e3d6051ad132dd4a8c0cf551b37ea4e7e42a31d19dc4",
                "sha256:cb7b6b79d33b15ae0a6e87856b984879927c7c2ebb29522df4c75b28ffd9b989"
            ],
            "markers": "python_version >= '3.4'",
            "version": "==2.9.1"
        },
        "email-validator": {
            "hashes": [
                "sha256:5f246ae8d81ce3000eade06595b7bb55a4cf350d559e890182a1466a21f25067",
                "sha256:63094045c3e802c3d3d575b18b004a531c36243ca8d1cec785ff6bfcb04185bb"
            ],
            "index": "pypi",
            "version": "==1.1.1"
        },
        "flask": {
            "hashes": [
                "sha256:4efa1ae2d7c9865af48986de8aeb8504bf32c7f3d6fdc9353d34b21f4b127060",
                "sha256:8a4fdd8936eba2512e9c85df320a37e694c93945b33ef33c89946a340a238557"
            ],
            "index": "pypi",
            "markers": "python_version >= '2.7' and python_version not in '3.0, 3.1, 3.2, 3.3, 3.4'",
            "version": "==1.1.2"
        },
        "flask-apscheduler": {
            "hashes": [
                "sha256:7911d66e449f412d92a1a6c524217f44f4c40a5c92148c60d5189c6c402f87d0"
            ],
            "index": "pypi",
            "version": "==1.11.0"
        },
        "flask-bootstrap": {
            "hashes": [
                "sha256:cb08ed940183f6343a64e465e83b3a3f13c53e1baabb8d72b5da4545ef123ac8"
            ],
            "index": "pypi",
            "version": "==3.3.7.1"
        },
        "flask-cors": {
            "hashes": [
                "sha256:72170423eb4612f0847318afff8c247b38bd516b7737adfc10d1c2cdbb382d16",
                "sha256:f4d97201660e6bbcff2d89d082b5b6d31abee04b1b3003ee073a6fd25ad1d69a"
            ],
            "index": "pypi",
            "version": "==3.0.8"
        },
        "flask-debugtoolbar": {
            "hashes": [
                "sha256:3b938b02c418ac86fc18431f484dcd459f24acf3d0c1e72131c06413863bcf04",
                "sha256:ccd6a72119ea4f7c486823591b2b2f4a14dc7fb38d6bd495272e0ebdc08724cd"
            ],
            "index": "pypi",
            "markers": "python_version >= '2.7'",
            "version": "==0.14.1"
        },
        "flask-login": {
            "hashes": [
                "sha256:6d33aef15b5bcead780acc339464aae8a6e28f13c90d8b1cf9de8b549d1c0b4b",
                "sha256:7451b5001e17837ba58945aead261ba425fdf7b4f0448777e597ddab39f4fba0"
            ],
            "index": "pypi",
            "version": "==0.5.0"
        },
        "flask-mail": {
            "hashes": [
                "sha256:22e5eb9a940bf407bcf30410ecc3708f3c56cc44b29c34e1726fe85006935f41"
            ],
            "index": "pypi",
            "version": "==0.9.1"
        },
        "flask-migrate": {
            "hashes": [
                "sha256:1a336b06eb2c3ace005f5f2ded8641d534c18798d64061f6ff11f79e1434126d",
                "sha256:24d8051af161782e0743af1b04a152d007bad9772b2bca67b7ec1e8ceeb3910d"
            ],
            "index": "pypi",
            "markers": "python_version >= '3.6'",
            "version": "==4.1.0"
        },
        "flask-moment": {
            "hashes": [
                "sha256:34d365383a3d6229a5a351e361f40ad53b624240392f722239962044eeb7362c",
                "sha256:3b83cc21c9fee768c6f896b4dd576b2b6f8fc1b467e97a263f9ea27e74a8ca5c"
            ],
            "index": "pypi",
            "version": "==0.10.0"
        },
        "flask-script": {
            "hashes": [
                "sha256:6425963d91054cfcc185807141c7314a9c5ad46325911bd24dcb489bd0161c65"
            ],
            "index": "pypi",
            "version": "==2.0.6"
        },
        "flask-sqlalchemy": {
            "hashes": [
                "sha256:05b31d2034dd3f2a685cbbae4cfc4ed906b2a733cff7964ada450fd5e462b84e",
                "sha256:bfc7150eaf809b1c283879302f04c42791136060c6eeb12c0c6674fb1291fae5"
            ],
            "index": "pypi",
            "markers": "python_version >= '2.7' and python_version not in '3.0, 3.1, 3.2, 3.3'",
            "version": "==2.4.4"
        },
        "flask-wtf": {
            "hashes": [
                "sha256:57b3faf6fe5d6168bda0c36b0df1d05770f8e205e18332d0376ddb954d17aef2",
                "sha256:d417e3a0008b5ba583da1763e4db0f55a1269d9dd91dcc3eb3c026d3c5dbd720"
            ],
            "index": "pypi",
            "version": "==0.14.3"
        },
        "gitdb": {
            "hashes": [
                "sha256:5ef71f855d191a3326fcfbc0d5da835f26b13fbcba60c32c21091c349ffdb571",
                "sha256:67073e15955400952c6565cc3e707c554a4eea2e428946f7a4c162fab9bd9bcf"
            ],
            "markers": "python_version >= '3.7'",
            "version": "==4.0.12"
        },
        "gitpython": {
            "hashes": [
                "sha256:9e0e10cda9bed1ee64bc9a6de50e7e38a9c9943241cd7f585f6df3ed28011110",
                "sha256:c87e30b26253bf5418b01b0660f818967f3c503193838337fe5e573331249269"
            ],
            "index": "pypi",
            "markers": "python_version >= '3.7'",
            "version": "==3.1.44"
        },
        "idna": {
            "hashes": [
                "sha256:b307872f855b18632ce0c21c5e45be78c0ea7ae4c15c828c20788b26921eb3f6",
                "sha256:b97d804b1e9b523befed77c48dacec60e6dcb0b5391d57af6a65a312a90648c0"
            ],
            "markers": "python_version >= '2.7' and python_version not in '3.0, 3.1, 3.2, 3.3'",
            "version": "==2.10"
        },
        "importlib-metadata": {
            "hashes": [
                "sha256:45e54197d28b7a7f1559e60b95e7c567032b602131fbd588f1497f47880aa68b",
                "sha256:71522656f0abace1d072b9e5481a48f07c138e00f079c38c8f883823f9c26bd7"
            ],
            "markers": "python_version >= '3.8'",
            "version": "==8.5.0"
        },
        "importlib-resources": {
            "hashes": [
                "sha256:980862a1d16c9e147a59603677fa2aa5fd82b87f223b6cb870695bcfce830065",
                "sha256:ac29d5f956f01d5e4bb63102a5a19957f1b9175e45649977264a1416783bb717"
            ],
            "markers": "python_version >= '3.8'",
            "version": "==6.4.5"
        },
        "itsdangerous": {
            "hashes": [
                "sha256:321b033d07f2a4136d3ec762eac9f16a10ccd60f53c0c91af90217ace7ba1f19",
                "sha256:b12271b2047cb23eeb98c8b5622e2e5c5e9abd9784a153e9d8ef9cb4dd09d749"
            ],
            "index": "pypi",
            "markers": "python_version >= '2.7' and python_version not in '3.0, 3.1, 3.2, 3.3'",
            "version": "==1.1.0"
        },
        "jinja2": {
            "hashes": [
                "sha256:89aab215427ef59c34ad58735269eb58b1a5808103067f7bb9d5836c651b3bb0",
                "sha256:f0a4641d3cf955324a89c04f3d94663aa4d638abe8f733ecd3582848e1c37035"
            ],
            "index": "pypi",
            "markers": "python_version >= '2.7' and python_version not in '3.0, 3.1, 3.2, 3.3, 3.4'",
            "version": "==2.11.2"
        },
        "mako": {
            "hashes": [
                "sha256:99579a6f39583fa7e5630a28c3c1f440e4e97a414b80372649c0ce338da2ea28",
                "sha256:baef24a52fc4fc514a0887ac600f9f1cff3d82c61d4d700a1fa84d597b88db59"
            ],
            "index": "pypi",
            "markers": "python_version >= '3.8'",
            "version": "==1.3.10"
        },
        "markupsafe": {
            "hashes": [
                "sha256:00bc623926325b26bb9605ae9eae8a215691f33cae5df11ca5424f06f2d1f473",
                "sha256:09027a7803a62ca78792ad89403b1b7a73a01c8cb65909cd876f7fcebd79b161",
                "sha256:09c4b7f37d6c648cb13f9230d847adf22f8171b1ccc4d5682398e77f40309235",
                "sha256:1027c282dad077d0bae18be6794e6b6b8c91d58ed8a8d89a89d59693b9131db5",
                "sha256:13d3144e1e340870b25e7b10b98d779608c02016d5184cfb9927a9f10c689f42",
                "sha256:195d7d2c4fbb0ee8139a6cf67194f3973a6b3042d742ebe0a9ed36d8b6f0c07f",
                "sha256:22c178a091fc6630d0d045bdb5992d2dfe14e3259760e713c490da5323866c39",
                "sha256:24982cc2533820871eba85ba648cd53d8623687ff11cbb805be4ff7b4c971aff",
                "sha256:29872e92839765e546828bb7754a68c418d927cd064fd4708fab9fe9c8bb116b",
                "sha256:2beec1e0de6924ea551859edb9e7679da6e4870d32cb766240ce17e0a0ba2014",
                "sha256:3b8a6499709d29c2e2399569d96719a1b21dcd94410a586a18526b143ec8470f",
                "sha256:43a55c2930bbc139570ac2452adf3d70cdbb3cfe5912c71cdce1c2c6bbd9c5d1",
                "sha256:46c99d2de99945ec5cb54f23c8cd5689f6d7177305ebff350a58ce5f8de1669e",
                "sha256:500d4957e52ddc3351cabf489e79c91c17f6e0899158447047588650b5e69183",
                "sha256:535f6fc4d397c1563d08b88e485c3496cf5784e927af890fb3c3aac7f933ec66",
                "sha256:596510de112c685489095da617b5bcbbac7dd6384aeebeda4df6025d0256a81b",
                "sha256:62fe6c95e3ec8a7fad637b7f3d372c15ec1caa01ab47926cfdf7a75b40e0eac1",
                "sha256:6788b695d50a51edb699cb55e35487e430fa21f1ed838122d722e0ff0ac5ba15",
                "sha256:6dd73240d2af64df90aa7c4e7481e23825ea70af4b4922f8ede5b9e35f78a3b1",
                "sha256:6f1e273a344928347c1290119b493a1f0303c52f5a5eae5f16d74f48c15d4a85",
                "sha256:6fffc775d90dcc9aed1b89219549b329a9250d918fd0b8fa8d93d154918422e1",
                "sha256:717ba8fe3ae9cc0006d7c451f0bb265ee07739daf76355d06366154ee68d221e",
                "sha256:79855e1c5b8da654cf486b830bd42c06e8780cea587384cf6545b7d9ac013a0b",
                "sha256:7c1699dfe0cf8ff607dbdcc1e9b9af1755371f92a68f706051cc8c37d447c905",
                "sha256:7fed13866cf14bba33e7176717346713881f56d9d2bcebab207f7a036f41b850",
                "sha256:84dee80c15f1b560d55bcfe6d47b27d070b4681c699c572af2e3c7cc90a3b8e0",
                "sha256:88e5fcfb52ee7b911e8bb6d6aa2fd21fbecc674eadd44118a9cc3863f938e735",
                "sha256:8defac2f2ccd6805ebf65f5eeb132adcf2ab57aa11fdf4c0dd5169a004710e7d",
                "sha256:98bae9582248d6cf62321dcb52aaf5d9adf0bad3b40582925ef7c7f0ed85fceb",
                "sha256:98c7086708b163d425c67c7a91bad6e466bb99d797aa64f965e9d25c12111a5e",
                "sha256:9add70b36c5666a2ed02b43b335fe19002ee5235efd4b8a89bfcf9005bebac0d",
                "sha256:9bf40443012702a1d2070043cb6291650a0841ece432556f784f004937f0f32c",
                "sha256:a6a744282b7718a2a62d2ed9d993cad6f5f585605ad352c11de459f4108df0a1",
                "sha256:acf08ac40292838b3cbbb06cfe9b2cb9ec78fce8baca31ddb87aaac2e2dc3bc2",
                "sha256:ade5e387d2ad0d7ebf59146cc00c8044acbd863725f887353a10df825fc8ae21",
                "sha256:b00c1de48212e4cc9603895652c5c410df699856a2853135b3967591e4beebc2",
                "sha256:b1282f8c00509d99fef04d8ba936b156d419be841854fe901d8ae224c59f0be5",
                "sha256:b1dba4527182c95a0db8b6060cc98ac49b9e2f5e64320e2b56e47cb2831978c7",
                "sha256:b2051432115498d3562c084a49bba65d97cf251f5a331c64a12ee7e04dacc51b",
                "sha256:b7d644ddb4dbd407d31ffb699f1d140bc35478da613b441c582aeb7c43838dd8",
                "sha256:ba59edeaa2fc6114428f1637ffff42da1e311e29382d81b339c1817d37ec93c6",
                "sha256:bf5aa3cbcfdf57fa2ee9cd1822c862ef23037f5c832ad09cfea57fa846dec193",
                "sha256:c8716a48d94b06bb3b2524c2b77e055fb313aeb4ea620c8dd03a105574ba704f",
                "sha256:caabedc8323f1e93231b52fc32bdcde6db817623d33e100708d9a68e1f53b26b",
                "sha256:cd5df75523866410809ca100dc9681e301e3c27567cf498077e8551b6d20e42f",
                "sha256:cdb132fc825c38e1aeec2c8aa9338310d29d337bebbd7baa06889d09a60a1fa2",
                "sha256:d53bc011414228441014aa71dbec320c66468c1030aae3a6e29778a3382d96e5",
                "sha256:d73a845f227b0bfe8a7455ee623525ee656a9e2e749e4742706d80a6065d5e2c",
                "sha256:d9be0ba6c527163cbed5e0857c451fcd092ce83947944d6c14bc95441203f032",
                "sha256:e249096428b3ae81b08327a63a485ad0878de3fb939049038579ac0ef61e17e7",
                "sha256:e8313f01ba26fbbe36c7be1966a7b7424942f670f38e666995b88d012765b9be",
                "sha256:feb7b34d6325451ef96bc0e36e1a6c0c1c64bc1fbec4b854f4529e51887b1621"
            ],
            "index": "pypi",
            "markers": "python_version >= '2.7' and python_version not in '3.0, 3.1, 3.2, 3.3'",
            "version": "==1.1.1"
        },
        "packaging": {
            "hashes": [
                "sha256:29572ef2b1f17581046b3a2227d5c611fb25ec70ca1ba8554b24b0e69331a484",
                "sha256:d443872c98d677bf60f6a1f2f8c1cb748e8fe762d2bf9d3148b5599295b0fc4f"
            ],
            "markers": "python_version >= '3.8'",
            "version": "==25.0"
        },
        "pymongo": {
            "hashes": [
                "sha256:0783e0c8e95397c84e9cf8ab092ab1e5dd7c769aec0ef3a5838ae7173b98dea0",
                "sha256:0f56707497323150bd2ed5d63067f4ffce940d0549d4ea2dfae180deec7f9363",
                "sha256:11280809e5dacaef4971113f0b4ff4696ee94cfdb720019ff4fa4f9635138252",
                "sha256:15a624d752dd3c89d10deb0ef6431559b6d074703cab90a70bb849ece02adc6b",
                "sha256:15b1492cc5c7cd260229590be7218261e81684b8da6d6de2660cf743445500ce",
                "sha256:1a970fd3117ab40a4001c3dad333bbf3c43687d90f35287a6237149b5ccae61d",
                "sha256:1ec3fa88b541e0481aff3c35194c9fac96e4d57ec5d1c122376000eb28c01431",
                "sha256:1ecc2455e3974a6c429687b395a0bc59636f2d6aedf5785098cf4e1f180f1c71",
                "sha256:23e1d62df5592518204943b507be7b457fb8a4ad95a349440406fd42db5d0923",
                "sha256:29e1c323c28a4584b7095378ff046815e39ff82cdb8dc4cc6dfe3acf6f9ad1f8",
                "sha256:2e3a593333e20c87415420a4fb76c00b7aae49b6361d2e2205b6fece0563bf40",
                "sha256:345f8d340802ebce509f49d5833cc913da40c82f2e0daf9f60149cacc9ca680f",
                "sha256:3a70d5efdc0387ac8cd50f9a5f379648ecfc322d14ec9e1ba8ec957e5d08c372",
                "sha256:409ab7d6c4223e5c85881697f365239dd3ed1b58f28e4124b846d9d488c86880",
                "sha256:442ca247f53ad24870a01e80a71cd81b3f2318655fd9d66748ee2bd1b1569d9e",
                "sha256:45ee87a4e12337353242bc758accc7fb47a2f2d9ecc0382a61e64c8f01e86708",
                "sha256:4924355245a9c79f77b5cda2db36e0f75ece5faf9f84d16014c0a297f6d66786",
                "sha256:544890085d9641f271d4f7a47684450ed4a7344d6b72d5968bfae32203b1bb7c",
                "sha256:57ee6becae534e6d47848c97f6a6dff69e3cce7c70648d6049bd586764febe59",
                "sha256:594dd721b81f301f33e843453638e02d92f63c198358e5a0fa8b8d0b1218dabc",
                "sha256:5ded27a4a5374dae03a92e084a60cdbcecd595306555bda553b833baf3fc4868",
                "sha256:6131bc6568b26e7495a9f3ef2b1700566b76bbecd919f4472bfe90038a61f425",
                "sha256:6f437a612f4d4f7aca1812311b1e84477145e950fdafe3285b687ab8c52541f3",
                "sha256:6fb6a72e88df46d1c1040fd32cd2d2c5e58722e5d3e31060a0393f04ad3283de",
                "sha256:70645abc714f06b4ad6b72d5bf73792eaad14e3a2cfe29c62a9c81ada69d9e4b",
                "sha256:72e2ace7456167c71cfeca7dcb47bd5dceda7db2231265b80fc625c5e8073186",
                "sha256:778ac646ce6ac1e469664062dfe9ae1f5c9961f7790682809f5ec3b8fda29d65",
                "sha256:7bd26b2aec8ceeb95a5d948d5cc0f62b0eb6d66f3f4230705c1e3d3d2c04ec76",
                "sha256:7c4d0e7cd08ef9f8fbf2d15ba281ed55604368a32752e476250724c3ce36c72e",
                "sha256:88dc4aa45f8744ccfb45164aedb9a4179c93567bbd98a33109d7dc400b00eb08",
                "sha256:8ad05eb9c97e4f589ed9e74a00fcaac0d443ccd14f38d1258eb4c39a35dd722b",
                "sha256:90bc6912948dfc8c363f4ead54d54a02a15a7fee6cfafb36dc450fc8962d2cb7",
                "sha256:9235fa319993405ae5505bf1333366388add2e06848db7b3deee8f990b69808e",
                "sha256:93a0833c10a967effcd823b4e7445ec491f0bf6da5de0ca33629c0528f42b748",
                "sha256:95207503c41b97e7ecc7e596d84a61f441b4935f11aa8332828a754e7ada8c82",
                "sha256:9df4ab5594fdd208dcba81be815fa8a8a5d8dedaf3b346cbf8b61c7296246a7a",
                "sha256:a920fee41f7d0259f5f72c1f1eb331bc26ffbdc952846f9bd8c3b119013bb52c",
                "sha256:a9de02be53b6bb98efe0b9eda84ffa1ec027fcb23a2de62c4f941d9a2f2f3330",
                "sha256:ae2fd94c9fe048c94838badcc6e992d033cb9473eb31e5710b3707cba5e8aee2",
                "sha256:b3337804ea0394a06e916add4e5fac1c89902f1b6f33936074a12505cab4ff05",
                "sha256:ba164e73fdade9b4614a2497321c5b7512ddf749ed508950bdecc28d8d76a2d9",
                "sha256:bb99f003c720c6d83be02c8f1a7787c22384a8ca9a4181e406174db47a048619",
                "sha256:ca6f700cff6833de4872a4e738f43123db34400173558b558ae079b5535857a4",
                "sha256:cec237c305fcbeef75c0bcbe9d223d1e22a6e3ba1b53b2f0b79d3d29c742b45b",
                "sha256:dabe8bf1ad644e6b93f3acf90ff18536d94538ca4d27e583c6db49889e98e48f",
                "sha256:dac78a650dc0637d610905fd06b5fa6419ae9028cf4d04d6a2657bc18a66bbce",
                "sha256:dcc07b1277e8b4bf4d7382ca133850e323b7ab048b8353af496d050671c7ac52",
                "sha256:e0a15665b2d6cf364f4cd114d62452ce01d71abfbd9c564ba8c74dcd7bbd6822",
                "sha256:e0e961923a7b8a1c801c43552dcb8153e45afa41749d9efbd3a6d33f45489f7a",
                "sha256:e4a65567bd17d19f03157c7ec992c6530eafd8191a4e5ede25566792c4fe3fa2",
                "sha256:e5d55f2a82e5eb23795f724991cac2bffbb1c0f219c0ba3bf73a835f97f1bb2e",
                "sha256:e699aa68c4a7dea2ab5a27067f7d3e08555f8d2c0dc6a0c8c60cfd9ff2e6a4b1",
                "sha256:e974ab16a60be71a8dfad4e5afccf8dd05d41c758060f5d5bda9a758605d9a5d",
                "sha256:ee4c86d8e6872a61f7888fc96577b0ea165eb3bdb0d841962b444fa36001e2bb",
                "sha256:f1945d48fb9b8a87d515da07f37e5b2c35b364a435f534c122e92747881f4a7c",
                "sha256:f2bc1ee4b1ca2c4e7e6b7a5e892126335ec8d9215bcd3ac2fe075870fefc3358",
                "sha256:fb104c3c2a78d9d85571c8ac90ec4f95bca9b297c6eee5ada71fabf1129e1674",
                "sha256:fbedc4617faa0edf423621bb0b3b8707836687161210d470e69a4184be9ca011",
                "sha256:fdeba88c540c9ed0338c0b2062d9f81af42b18d6646b3e6dda05cf6edd46ada9"
            ],
            "index": "pypi",
            "markers": "python_version >= '3.8'",
            "version": "==4.10.1"
        },
        "pymysql": {
            "hashes": [
                "sha256:4de15da4c61dc132f4fb9ab763063e693d521a80fd0e87943b9a453dd4c19d6c",
                "sha256:e127611aaf2b417403c60bf4dc570124aeb4a57f5f37b8e95ae399a42f904cd0"
            ],
            "index": "pypi",
            "markers": "python_version >= '3.7'",
            "version": "==1.1.1"
        },
        "python-dateutil": {
            "hashes": [
                "sha256:37dd54208da7e1cd875388217d5e00ebd4179249f90fb72437e91a35459a0ad3",
                "sha256:a8b2bc7bffae282281c8140a97d3aa9c14da0b136dfe83f850eea9a5f7470427"
            ],
            "markers": "python_version >= '2.7' and python_version not in '3.0, 3.1, 3.2'",
            "version": "==2.9.0.post0"
        },
        "python-dotenv": {
            "hashes": [
                "sha256:e324ee90a023d808f1959c46bcbc04446a10ced277783dc6ee09987c37ec10ca",
                "sha256:f7b63ef50f1b690dddf550d03497b66d609393b40b564ed0d674909a68ebf16a"
            ],
            "index": "pypi",
            "markers": "python_version >= '3.8'",
            "version": "==1.0.1"
        },
        "python-editor": {
            "hashes": [
                "sha256:1bf6e860a8ad52a14c3ee1252d5dc25b2030618ed80c022598f00176adc8367d",
                "sha256:51fda6bcc5ddbbb7063b2af7509e43bd84bfc32a4ff71349ec7847713882327b",
                "sha256:5f98b069316ea1c2ed3f67e7f5df6c0d8f10b689964a4a811ff64f0106819ec8",
                "sha256:c3da2053dbab6b29c94e43c486ff67206eafbe7eb52dbec7390b5e2fb05aac77",
                "sha256:ea87e17f6ec459e780e4221f295411462e0d0810858e055fc514684350a2f522"
            ],
            "index": "pypi",
            "version": "==1.0.4"
        },
        "redis": {
            "hashes": [
                "sha256:8a1900a9f2a0a44ecf6e8b5eb3e967a9909dfed219ad66df094f27f7d6f330fb",
                "sha256:a22ca993cea2962dbb588f9f30d0015ac4afcc45bee27d3978c0dbe9e97c6c0f"
            ],
            "index": "pypi",
            "version": "==2.10.6"
        },
        "requests": {
            "hashes": [
                "sha256:b3559a131db72c33ee969480840fff4bb6dd111de7dd27c8ee1f820f4f00231b",
                "sha256:fe75cc94a9443b9246fc7049224f75604b113c36acb93f87b80ed42c44cbb898"
            ],
            "index": "pypi",
            "markers": "python_version >= '2.7' and python_version not in '3.0, 3.1, 3.2, 3.3, 3.4'",
            "version": "==2.24.0"
        },
        "six": {
            "hashes": [
                "sha256:4721f391ed90541fddacab5acf947aa0d3dc7d27b2e1e8eda2be8970586c3274",
                "sha256:ff70335d468e7eb6ec65b95b99d3a2836546063f63acc5171de367e834932a81"
            ],
            "markers": "python_version >= '2.7' and python_version not in '3.0, 3.1, 3.2'",
            "version": "==1.17.0"
        },
        "smmap": {
            "hashes": [
                "sha256:26ea65a03958fa0c8a1c7e8c7a58fdc77221b8910f6be2131affade476898ad5",
                "sha256:b30115f0def7d7531d22a0fb6502488d879e75b260a9db4d0819cfb25403af5e"
            ],
            "markers": "python_version >= '3.7'",
            "version": "==5.0.2"
        },
        "sqlalchemy": {
            "hashes": [
                "sha256:083e383a1dca8384d0ea6378bd182d83c600ed4ff4ec8247d3b2442cf70db1ad",
                "sha256:0a690a6486658d03cc6a73536d46e796b6570ac1f8a7ec133f9e28c448b69828",
                "sha256:114b6ace30001f056e944cebd46daef38fdb41ebb98f5e5940241a03ed6cad43",
                "sha256:128f6179325f7597a46403dde0bf148478f868df44841348dfc8d158e00db1f9",
                "sha256:13d48cd8b925b6893a4e59b2dfb3e59a5204fd8c98289aad353af78bd214db49",
                "sha256:211a1ce7e825f7142121144bac76f53ac28b12172716a710f4bf3eab477e730b",
                "sha256:2dc57ee80b76813759cccd1a7affedf9c4dbe5b065a91fb6092c9d8151d66078",
                "sha256:3e625e283eecc15aee5b1ef77203bfb542563fa4a9aa622c7643c7b55438ff49",
                "sha256:43078c7ec0457387c79b8d52fff90a7ad352ca4c7aa841c366238c3e2cf52fdf",
                "sha256:5b1bf3c2c2dca738235ce08079783ef04f1a7fc5b21cf24adaae77f2da4e73c3",
                "sha256:6056b671aeda3fc451382e52ab8a753c0d5f66ef2a5ccc8fa5ba7abd20988b4d",
                "sha256:68d78cf4a9dfade2e6cf57c4be19f7b82ed66e67dacf93b32bb390c9bed12749",
                "sha256:7025c639ce7e170db845e94006cf5f404e243e6fc00d6c86fa19e8ad8d411880",
                "sha256:7224e126c00b8178dfd227bc337ba5e754b197a3867d33b9f30dc0208f773d70",
                "sha256:7d98e0785c4cd7ae30b4a451416db71f5724a1839025544b4edbd92e00b91f0f",
                "sha256:8d8c21e9d4efef01351bf28513648ceb988031be4159745a7ad1b3e28c8ff68a",
                "sha256:bbb545da054e6297242a1bb1ba88e7a8ffb679f518258d66798ec712b82e4e07",
                "sha256:d00b393f05dbd4ecd65c989b7f5a81110eae4baea7a6a4cdd94c20a908d1456e",
                "sha256:e18752cecaef61031252ca72031d4d6247b3212ebb84748fc5d1a0d2029c23ea"
            ],
            "index": "pypi",
            "markers": "python_version >= '2.7' and python_version not in '3.0, 3.1, 3.2, 3.3'",
            "version": "==1.3.16"
        },
        "typing-extensions": {
            "hashes": [
                "sha256:a439e7c04b49fec3e5d3e2beaa21755cadbbdc391694e28ccdd36ca4a1408f8c",
                "sha256:e6c81219bd689f51865d9e372991c540bda33a0379d5573cddb9a3a23f7caaef"
            ],
            "markers": "python_version >= '3.8'",
            "version": "==4.13.2"
        },
        "tzlocal": {
            "hashes": [
                "sha256:49816ef2fe65ea8ac19d19aa7a1ae0551c834303d5014c6d5a62e4cbda8047b8",
                "sha256:8d399205578f1a9342816409cc1e46a93ebd5755e39ea2d85334bea911bf0e6e"
            ],
            "markers": "python_version >= '3.8'",
            "version": "==5.2"
        },
        "urllib3": {
            "hashes": [
                "sha256:8d7eaa5a82a1cac232164990f04874c594c9453ec55eef02eab885aa02fc17a2",
                "sha256:f5321fbe4bf3fefa0efd0bfe7fb14e90909eb62a48ccda331726b4319897dd5e"
            ],
            "index": "pypi",
            "markers": "python_version >= '2.7' and python_version not in '3.0, 3.1, 3.2, 3.3, 3.4' and python_version < '4'",
            "version": "==1.25.11"
        },
        "visitor": {
            "hashes": [
                "sha256:2c737903b2b6864ebc6167eef7cf3b997126f1aa94bdf590f90f1436d23e480a"
            ],
            "version": "==0.1.3"
        },
        "werkzeug": {
            "hashes": [
                "sha256:2de2a5db0baeae7b2d2664949077c2ac63fbd16d98da0ff71837f7d1dea3fd43",
                "sha256:6c80b1e5ad3665290ea39320b91e1be1e0d5f60652b964a3070216de83d2e47c"
            ],
            "index": "pypi",
            "markers": "python_version >= '2.7' and python_version not in '3.0, 3.1, 3.2, 3.3, 3.4'",
            "version": "==1.0.1"
        },
        "wtforms": {
            "hashes": [
                "sha256:7b504fc724d0d1d4d5d5c114e778ec88c37ea53144683e084215eed5155ada4c",
                "sha256:81195de0ac94fbc8368abbaf9197b88c4f3ffd6c2719b5bf5fc9da744f3d829c"
            ],
            "index": "pypi",
            "version": "==2.3.3"
        },
        "zipp": {
            "hashes": [
                "sha256:a817ac80d6cf4b23bf7f2828b7cabf326f15a001bea8b1f9b49631780ba28350",
                "sha256:bc9eb26f4506fda01b81bcde0ca78103b6e62f991b381fec825435c836edbc29"
            ],
            "markers": "python_version >= '3.8'",
            "version": "==3.20.2"
        }
    },
    "develop": {}
}
